{
  "name": "MetaSL2",
  "version": "0.0.1",
  "lockfileVersion": 3,
  "requires": true,
  "packages": {
    "": {
      "name": "MetaSL2",
      "version": "0.0.1",
      "dependencies": {
        "polka": "^0.5.2",
        "sirv": "^2.0.4"
      },
      "engines": {
        "node": "^21"
      }
    },
    "node_modules/@arr/every": {
      "version": "1.0.1",
      "resolved": "https://registry.npmjs.org/@arr/every/-/every-1.0.1.tgz",
      "integrity": "sha512-UQFQ6SgyJ6LX42W8rHCs8KVc0JS0tzVL9ct4XYedJukskYVWTo49tNiMEK9C2HTyarbNiT/RVIRSY82vH+6sTg==",
      "engines": {
        "node": ">=4"
      }
    },
    "node_modules/@polka/url": {
      "version": "0.5.0",
      "resolved": "https://registry.npmjs.org/@polka/url/-/url-0.5.0.tgz",
      "integrity": "sha512-oZLYFEAzUKyi3SKnXvj32ZCEGH6RDnao7COuCVhDydMS9NrCSVXhM79VaKyP5+Zc33m0QXEd2DN3UkU7OsHcfw=="
    },
    "node_modules/matchit": {
      "version": "1.1.0",
      "resolved": "https://registry.npmjs.org/matchit/-/matchit-1.1.0.tgz",
      "integrity": "sha512-+nGYoOlfHmxe5BW5tE0EMJppXEwdSf8uBA1GTZC7Q77kbT35+VKLYJMzVNWCHSsga1ps1tPYFtFyvxvKzWVmMA==",
      "dependencies": {
        "@arr/every": "^1.0.0"
      },
      "engines": {
        "node": ">=6"
      }
    },
    "node_modules/mrmime": {
      "version": "2.0.0",
      "resolved": "https://registry.npmjs.org/mrmime/-/mrmime-2.0.0.tgz",
      "integrity": "sha512-eu38+hdgojoyq63s+yTpN4XMBdt5l8HhMhc4VKLO9KM5caLIBvUm4thi7fFaxyTmCKeNnXZ5pAlBwCUnhA09uw==",
      "engines": {
        "node": ">=10"
      }
    },
    "node_modules/polka": {
      "version": "0.5.2",
      "resolved": "https://registry.npmjs.org/polka/-/polka-0.5.2.tgz",
      "integrity": "sha512-FVg3vDmCqP80tOrs+OeNlgXYmFppTXdjD5E7I4ET1NjvtNmQrb1/mJibybKkb/d4NA7YWAr1ojxuhpL3FHqdlw==",
      "dependencies": {
        "@polka/url": "^0.5.0",
        "trouter": "^2.0.1"
      }
    },
    "node_modules/sirv": {
      "version": "2.0.4",
      "resolved": "https://registry.npmjs.org/sirv/-/sirv-2.0.4.tgz",
      "integrity": "sha512-94Bdh3cC2PKrbgSOUqTiGPWVZeSiXfKOVZNJniWoqrWrRkB1CJzBU3NEbiTsPcYy1lDsANA/THzS+9WBiy5nfQ==",
      "dependencies": {
        "@polka/url": "^1.0.0-next.24",
        "mrmime": "^2.0.0",
        "totalist": "^3.0.0"
      },
      "engines": {
        "node": ">= 10"
      }
    },
    "node_modules/sirv/node_modules/@polka/url": {
      "version": "1.0.0-next.25",
      "resolved": "https://registry.npmjs.org/@polka/url/-/url-1.0.0-next.25.tgz",
      "integrity": "sha512-j7P6Rgr3mmtdkeDGTe0E/aYyWEWVtc5yFXtHCRHs28/jptDEWfaVOc5T7cblqy1XKPPfCxJc/8DwQ5YgLOZOVQ=="
    },
    "node_modules/totalist": {
      "version": "3.0.1",
      "resolved": "https://registry.npmjs.org/totalist/-/totalist-3.0.1.tgz",
      "integrity": "sha512-sf4i37nQ2LBx4m3wB74y+ubopq6W/dIzXg0FDGjsYnZHVa1Da8FH853wlL2gtUhg+xJXjfk3kUZS3BRoQeoQBQ==",
      "engines": {
        "node": ">=6"
      }
    },
    "node_modules/trouter": {
      "version": "2.0.1",
      "resolved": "https://registry.npmjs.org/trouter/-/trouter-2.0.1.tgz",
      "integrity": "sha512-kr8SKKw94OI+xTGOkfsvwZQ8mWoikZDd2n8XZHjJVZUARZT+4/VV6cacRS6CLsH9bNm+HFIPU1Zx4CnNnb4qlQ==",
      "dependencies": {
        "matchit": "^1.0.0"
      },
      "engines": {
        "node": ">=6"
      }
    }
  }
}
